
Microsoft Visual Studio Solution File, Format Version 12.00
# Visual Studio Version 17
VisualStudioVersion = 17.3.32804.467
MinimumVisualStudioVersion = 10.0.40219.1
Project("{FAE04EC0-301F-11D3-BF4B-00C04F79EFBC}") = "SkyMapCSharp", "SkyMapCSharp.csproj", "{46F6CB1C-6146-4789-848C-F30C59E97DED}"
EndProject
Project("{FAE04EC0-301F-11D3-BF4B-00C04F79EFBC}") = "TestConsoleApp", "TestConsoleApp\TestConsoleApp.csproj", "{F00ADF2F-62CE-4D33-98B6-49DA41BEF6E8}"
EndProject
Global
	GlobalSection(SolutionConfigurationPlatforms) = preSolution
		Debug|Any CPU = Debug|Any CPU
		Release|Any CPU = Release|Any CPU
	EndGlobalSection
	GlobalSection(ProjectConfigurationPlatforms) = postSolution
		{46F6CB1C-6146-4789-848C-F30C59E97DED}.Debug|Any CPU.ActiveCfg = Debug|Any CPU
		{46F6CB1C-6146-4789-848C-F30C59E97DED}.Debug|Any CPU.Build.0 = Debug|Any CPU
		{46F6CB1C-6146-4789-848C-F30C59E97DED}.Release|Any CPU.ActiveCfg = Release|Any CPU
		{46F6CB1C-6146-4789-848C-F30C59E97DED}.Release|Any CPU.Build.0 = Release|Any CPU
		{F00ADF2F-62CE-4D33-98B6-49DA41BEF6E8}.Debug|Any CPU.ActiveCfg = Debug|Any CPU
		{F00ADF2F-62CE-4D33-98B6-49DA41BEF6E8}.Debug|Any CPU.Build.0 = Debug|Any CPU
		{F00ADF2F-62CE-4D33-98B6-49DA41BEF6E8}.Release|Any CPU.ActiveCfg = Release|Any CPU
		{F00ADF2F-62CE-4D33-98B6-49DA41BEF6E8}.Release|Any CPU.Build.0 = Release|Any CPU
	EndGlobalSection
	GlobalSection(SolutionProperties) = preSolution
		HideSolutionNode = FALSE
	EndGlobalSection
	GlobalSection(ExtensibilityGlobals) = postSolution
		SolutionGuid = {E3875094-8010-46D1-B285-9D675FC651FA}
	EndGlobalSection
EndGlobal
